
Microsoft Visual Studio Solution File, Format Version 12.00
# Visual Studio 15
VisualStudioVersion = 15.0.28307.852
MinimumVisualStudioVersion = 10.0.40219.1
Project("{FAE04EC0-301F-11D3-BF4B-00C04F79EFBC}") = "MyProject.Specs", "MyProject.Specs\MyProject.Specs.csproj", "{FB1D3C4E-C60B-4651-872D-52C266EA5588}"
EndProject
Global
	GlobalSection(SolutionConfigurationPlatforms) = preSolution
		Debug|Any CPU = Debug|Any CPU
		Release|Any CPU = Release|Any CPU
	EndGlobalSection
	GlobalSection(ProjectConfigurationPlatforms) = postSolution
		{FB1D3C4E-C60B-4651-872D-52C266EA5588}.Debug|Any CPU.ActiveCfg = Debug|Any CPU
		{FB1D3C4E-C60B-4651-872D-52C266EA5588}.Debug|Any CPU.Build.0 = Debug|Any CPU
		{FB1D3C4E-C60B-4651-872D-52C266EA5588}.Release|Any CPU.ActiveCfg = Release|Any CPU
		{FB1D3C4E-C60B-4651-872D-52C266EA5588}.Release|Any CPU.Build.0 = Release|Any CPU
	EndGlobalSection
	GlobalSection(SolutionProperties) = preSolution
		HideSolutionNode = FALSE
	EndGlobalSection
	GlobalSection(ExtensibilityGlobals) = postSolution
		SolutionGuid = {52EA002C-2BBA-4D65-95FD-0850C2D15E42}
	EndGlobalSection
EndGlobal
